
Microsoft Visual Studio Solution File, Format Version 12.00
# Visual Studio Version 17
VisualStudioVersion = 17.7.34302.85
MinimumVisualStudioVersion = 10.0.40219.1
Project("{FAE04EC0-301F-11D3-BF4B-00C04F79EFBC}") = "Bank", "Bank.csproj", "{EFF75212-B675-42AB-9BA5-1081A333CEA5}"
EndProject
Project("{FAE04EC0-301F-11D3-BF4B-00C04F79EFBC}") = "BankAccountTest", "..\BankAccountTest\BankAccountTest.csproj", "{A637D91C-68C5-4926-96CF-3E88D4406C50}"
EndProject
Global
	GlobalSection(SolutionConfigurationPlatforms) = preSolution
		Debug|Any CPU = Debug|Any CPU
		Release|Any CPU = Release|Any CPU
	EndGlobalSection
	GlobalSection(ProjectConfigurationPlatforms) = postSolution
		{EFF75212-B675-42AB-9BA5-1081A333CEA5}.Debug|Any CPU.ActiveCfg = Debug|Any CPU
		{EFF75212-B675-42AB-9BA5-1081A333CEA5}.Debug|Any CPU.Build.0 = Debug|Any CPU
		{EFF75212-B675-42AB-9BA5-1081A333CEA5}.Release|Any CPU.ActiveCfg = Release|Any CPU
		{EFF75212-B675-42AB-9BA5-1081A333CEA5}.Release|Any CPU.Build.0 = Release|Any CPU
		{A637D91C-68C5-4926-96CF-3E88D4406C50}.Debug|Any CPU.ActiveCfg = Debug|Any CPU
		{A637D91C-68C5-4926-96CF-3E88D4406C50}.Debug|Any CPU.Build.0 = Debug|Any CPU
		{A637D91C-68C5-4926-96CF-3E88D4406C50}.Release|Any CPU.ActiveCfg = Release|Any CPU
		{A637D91C-68C5-4926-96CF-3E88D4406C50}.Release|Any CPU.Build.0 = Release|Any CPU
	EndGlobalSection
	GlobalSection(SolutionProperties) = preSolution
		HideSolutionNode = FALSE
	EndGlobalSection
	GlobalSection(ExtensibilityGlobals) = postSolution
		SolutionGuid = {CE1BEE43-4DA3-44AB-A919-1EF806DE84FE}
	EndGlobalSection
EndGlobal
